// !$*UTF8*$!
{
	archiveVersion = 1;
	classes = {
	};
	objectVersion = 50;
	objects = {

/* Begin PBXBuildFile section */
		89E8F86AB01865D422B89DAC /* Pods_GPXUse.framework in Frameworks */ = {isa = PBXBuildFile; fileRef = B225797C8D979EF623AEDE69 /* Pods_GPXUse.framework */; };
		F1DA141021D37EA300EC8291 /* AppDelegate.swift in Sources */ = {isa = PBXBuildFile; fileRef = F1DA140F21D37EA300EC8291 /* AppDelegate.swift */; };
		F1DA141221D37EA300EC8291 /* ViewController.swift in Sources */ = {isa = PBXBuildFile; fileRef = F1DA141121D37EA300EC8291 /* ViewController.swift */; };
		F1DA141521D37EA300EC8291 /* Main.storyboard in Resources */ = {isa = PBXBuildFile; fileRef = F1DA141321D37EA300EC8291 /* Main.storyboard */; };
		F1DA141721D37EA500EC8291 /* Assets.xcassets in Resources */ = {isa = PBXBuildFile; fileRef = F1DA141621D37EA500EC8291 /* Assets.xcassets */; };
		F1DA141A21D37EA500EC8291 /* LaunchScreen.storyboard in Resources */ = {isa = PBXBuildFile; fileRef = F1DA141821D37EA500EC8291 /* LaunchScreen.storyboard */; };
		F1DA142321D37FA800EC8291 /* CoreLocation.framework in Frameworks */ = {isa = PBXBuildFile; fileRef = F1DA142221D37FA800EC8291 /* CoreLocation.framework */; };
		F1DA142521D3905400EC8291 /* Atlanta_To_SandySprings.gpx in Resources */ = {isa = PBXBuildFile; fileRef = F1DA142421D3905300EC8291 /* Atlanta_To_SandySprings.gpx */; };
/* End PBXBuildFile section */

/* Begin PBXFileReference section */
		711E762FB68741401C95D50C /* Pods-GPXUse.debug.xcconfig */ = {isa = PBXFileReference; includeInIndex = 1; lastKnownFileType = text.xcconfig; name = "Pods-GPXUse.debug.xcconfig"; path = "Pods/Target Support Files/Pods-GPXUse/Pods-GPXUse.debug.xcconfig"; sourceTree = "<group>"; };
		807E47E5AC1B841324811467 /* Pods-GPXUse.release.xcconfig */ = {isa = PBXFileReference; includeInIndex = 1; lastKnownFileType = text.xcconfig; name = "Pods-GPXUse.release.xcconfig"; path = "Pods/Target Support Files/Pods-GPXUse/Pods-GPXUse.release.xcconfig"; sourceTree = "<group>"; };
		B225797C8D979EF623AEDE69 /* Pods_GPXUse.framework */ = {isa = PBXFileReference; explicitFileType = wrapper.framework; includeInIndex = 0; path = Pods_GPXUse.framework; sourceTree = BUILT_PRODUCTS_DIR; };
		F1DA140C21D37EA300EC8291 /* GPXUse.app */ = {isa = PBXFileReference; explicitFileType = wrapper.application; includeInIndex = 0; path = GPXUse.app; sourceTree = BUILT_PRODUCTS_DIR; };
		F1DA140F21D37EA300EC8291 /* AppDelegate.swift */ = {isa = PBXFileReference; lastKnownFileType = sourcecode.swift; path = AppDelegate.swift; sourceTree = "<group>"; };
		F1DA141121D37EA300EC8291 /* ViewController.swift */ = {isa = PBXFileReference; lastKnownFileType = sourcecode.swift; path = ViewController.swift; sourceTree = "<group>"; };
		F1DA141421D37EA300EC8291 /* Base */ = {isa = PBXFileReference; lastKnownFileType = file.storyboard; name = Base; path = Base.lproj/Main.storyboard; sourceTree = "<group>"; };
		F1DA141621D37EA500EC8291 /* Assets.xcassets */ = {isa = PBXFileReference; lastKnownFileType = folder.assetcatalog; path = Assets.xcassets; sourceTree = "<group>"; };
		F1DA141921D37EA500EC8291 /* Base */ = {isa = PBXFileReference; lastKnownFileType = file.storyboard; name = Base; path = Base.lproj/LaunchScreen.storyboard; sourceTree = "<group>"; };
		F1DA141B21D37EA500EC8291 /* Info.plist */ = {isa = PBXFileReference; lastKnownFileType = text.plist.xml; path = Info.plist; sourceTree = "<group>"; };
		F1DA142221D37FA800EC8291 /* CoreLocation.framework */ = {isa = PBXFileReference; lastKnownFileType = wrapper.framework; name = CoreLocation.framework; path = System/Library/Frameworks/CoreLocation.framework; sourceTree = SDKROOT; };
		F1DA142421D3905300EC8291 /* Atlanta_To_SandySprings.gpx */ = {isa = PBXFileReference; fileEncoding = 4; lastKnownFileType = text.xml; path = Atlanta_To_SandySprings.gpx; sourceTree = "<group>"; };
/* End PBXFileReference section */

/* Begin PBXFrameworksBuildPhase section */
		F1DA140921D37EA300EC8291 /* Frameworks */ = {
			isa = PBXFrameworksBuildPhase;
			buildActionMask = 2147483647;
			files = (
				F1DA142321D37FA800EC8291 /* CoreLocation.framework in Frameworks */,
				89E8F86AB01865D422B89DAC /* Pods_GPXUse.framework in Frameworks */,
			);
			runOnlyForDeploymentPostprocessing = 0;
		};
/* End PBXFrameworksBuildPhase section */

/* Begin PBXGroup section */
		AAE73FB803405252B5B9A4DA /* Pods */ = {
			isa = PBXGroup;
			children = (
				711E762FB68741401C95D50C /* Pods-GPXUse.debug.xcconfig */,
				807E47E5AC1B841324811467 /* Pods-GPXUse.release.xcconfig */,
			);
			name = Pods;
			sourceTree = "<group>";
		};
		F1DA140321D37EA300EC8291 = {
			isa = PBXGroup;
			children = (
				F1DA140E21D37EA300EC8291 /* GPXUse */,
				F1DA140D21D37EA300EC8291 /* Products */,
				F1DA142121D37FA800EC8291 /* Frameworks */,
				AAE73FB803405252B5B9A4DA /* Pods */,
			);
			sourceTree = "<group>";
		};
		F1DA140D21D37EA300EC8291 /* Products */ = {
			isa = PBXGroup;
			children = (
				F1DA140C21D37EA300EC8291 /* GPXUse.app */,
			);
			name = Products;
			sourceTree = "<group>";
		};
		F1DA140E21D37EA300EC8291 /* GPXUse */ = {
			isa = PBXGroup;
			children = (
				F1DA142421D3905300EC8291 /* Atlanta_To_SandySprings.gpx */,
				F1DA140F21D37EA300EC8291 /* AppDelegate.swift */,
				F1DA141121D37EA300EC8291 /* ViewController.swift */,
				F1DA141321D37EA300EC8291 /* Main.storyboard */,
				F1DA141621D37EA500EC8291 /* Assets.xcassets */,
				F1DA141821D37EA500EC8291 /* LaunchScreen.storyboard */,
				F1DA141B21D37EA500EC8291 /* Info.plist */,
			);
			path = GPXUse;
			sourceTree = "<group>";
		};
		F1DA142121D37FA800EC8291 /* Frameworks */ = {
			isa = PBXGroup;
			children = (
				F1DA142221D37FA800EC8291 /* CoreLocation.framework */,
				B225797C8D979EF623AEDE69 /* Pods_GPXUse.framework */,
			);
			name = Frameworks;
			sourceTree = "<group>";
		};
/* End PBXGroup section */

/* Begin PBXNativeTarget section */
		F1DA140B21D37EA300EC8291 /* GPXUse */ = {
			isa = PBXNativeTarget;
			buildConfigurationList = F1DA141E21D37EA500EC8291 /* Build configuration list for PBXNativeTarget "GPXUse" */;
			buildPhases = (
				8768606574681ADA8C502CDF /* [CP] Check Pods Manifest.lock */,
				F1DA140821D37EA300EC8291 /* Sources */,
				F1DA140921D37EA300EC8291 /* Frameworks */,
				F1DA140A21D37EA300EC8291 /* Resources */,
				8A0BE80CBF2104EE8486B3D4 /* [CP] Copy Pods Resources */,
			);
			buildRules = (
			);
			dependencies = (
			);
			name = GPXUse;
			productName = GPXUse;
			productReference = F1DA140C21D37EA300EC8291 /* GPXUse.app */;
			productType = "com.apple.product-type.application";
		};
/* End PBXNativeTarget section */

/* Begin PBXProject section */
		F1DA140421D37EA300EC8291 /* Project object */ = {
			isa = PBXProject;
			attributes = {
				LastSwiftUpdateCheck = 0940;
				LastUpgradeCheck = 0940;
				ORGANIZATIONNAME = "Logistic Infotech PVT LTD";
				TargetAttributes = {
					F1DA140B21D37EA300EC8291 = {
						CreatedOnToolsVersion = 9.4.1;
					};
				};
			};
			buildConfigurationList = F1DA140721D37EA300EC8291 /* Build configuration list for PBXProject "GPXUse" */;
			compatibilityVersion = "Xcode 9.3";
			developmentRegion = en;
			hasScannedForEncodings = 0;
			knownRegions = (
				en,
				Base,
			);
			mainGroup = F1DA140321D37EA300EC8291;
			productRefGroup = F1DA140D21D37EA300EC8291 /* Products */;
			projectDirPath = "";
			projectRoot = "";
			targets = (
				F1DA140B21D37EA300EC8291 /* GPXUse */,
			);
		};
/* End PBXProject section */

/* Begin PBXResourcesBuildPhase section */
		F1DA140A21D37EA300EC8291 /* Resources */ = {
			isa = PBXResourcesBuildPhase;
			buildActionMask = 2147483647;
			files = (
				F1DA141A21D37EA500EC8291 /* LaunchScreen.storyboard in Resources */,
				F1DA141721D37EA500EC8291 /* Assets.xcassets in Resources */,
				F1DA141521D37EA300EC8291 /* Main.storyboard in Resources */,
				F1DA142521D3905400EC8291 /* Atlanta_To_SandySprings.gpx in Resources */,
			);
			runOnlyForDeploymentPostprocessing = 0;
		};
/* End PBXResourcesBuildPhase section */

/* Begin PBXShellScriptBuildPhase section */
		8768606574681ADA8C502CDF /* [CP] Check Pods Manifest.lock */ = {
			isa = PBXShellScriptBuildPhase;
			buildActionMask = 2147483647;
			files = (
			);
			inputPaths = (
				"${PODS_PODFILE_DIR_PATH}/Podfile.lock",
				"${PODS_ROOT}/Manifest.lock",
			);
			name = "[CP] Check Pods Manifest.lock";
			outputPaths = (
				"$(DERIVED_FILE_DIR)/Pods-GPXUse-checkManifestLockResult.txt",
			);
			runOnlyForDeploymentPostprocessing = 0;
			shellPath = /bin/sh;
			shellScript = "diff \"${PODS_PODFILE_DIR_PATH}/Podfile.lock\" \"${PODS_ROOT}/Manifest.lock\" > /dev/null\nif [ $? != 0 ] ; then\n    # print error to STDERR\n    echo \"error: The sandbox is not in sync with the Podfile.lock. Run 'pod install' or update your CocoaPods installation.\" >&2\n    exit 1\nfi\n# This output is used by Xcode 'outputs' to avoid re-running this script phase.\necho \"SUCCESS\" > \"${SCRIPT_OUTPUT_FILE_0}\"\n";
			showEnvVarsInLog = 0;
		};
		8A0BE80CBF2104EE8486B3D4 /* [CP] Copy Pods Resources */ = {
			isa = PBXShellScriptBuildPhase;
			buildActionMask = 2147483647;
			files = (
			);
			inputPaths = (
				"${SRCROOT}/Pods/Target Support Files/Pods-GPXUse/Pods-GPXUse-resources.sh",
				"${PODS_ROOT}/GoogleMaps/Maps/Frameworks/GoogleMaps.framework/Resources/GoogleMaps.bundle",
				"${PODS_ROOT}/GooglePlaces/Frameworks/GooglePlaces.framework/Resources/GooglePlaces.bundle",
			);
			name = "[CP] Copy Pods Resources";
			outputPaths = (
				"${TARGET_BUILD_DIR}/${UNLOCALIZED_RESOURCES_FOLDER_PATH}/GoogleMaps.bundle",
				"${TARGET_BUILD_DIR}/${UNLOCALIZED_RESOURCES_FOLDER_PATH}/GooglePlaces.bundle",
			);
			runOnlyForDeploymentPostprocessing = 0;
			shellPath = /bin/sh;
			shellScript = "\"${SRCROOT}/Pods/Target Support Files/Pods-GPXUse/Pods-GPXUse-resources.sh\"\n";
			showEnvVarsInLog = 0;
		};
/* End PBXShellScriptBuildPhase section */

/* Begin PBXSourcesBuildPhase section */
		F1DA140821D37EA300EC8291 /* Sources */ = {
			isa = PBXSourcesBuildPhase;
			buildActionMask = 2147483647;
			files = (
				F1DA141221D37EA300EC8291 /* ViewController.swift in Sources */,
				F1DA141021D37EA300EC8291 /* AppDelegate.swift in Sources */,
			);
			runOnlyForDeploymentPostprocessing = 0;
		};
/* End PBXSourcesBuildPhase section */

/* Begin PBXVariantGroup section */
		F1DA141321D37EA300EC8291 /* Main.storyboard */ = {
			isa = PBXVariantGroup;
			children = (
				F1DA141421D37EA300EC8291 /* Base */,
			);
			name = Main.storyboard;
			sourceTree = "<group>";
		};
		F1DA141821D37EA500EC8291 /* LaunchScreen.storyboard */ = {
			isa = PBXVariantGroup;
			children = (
				F1DA141921D37EA500EC8291 /* Base */,
			);
			name = LaunchScreen.storyboard;
			sourceTree = "<group>";
		};
/* End PBXVariantGroup section */

/* Begin XCBuildConfiguration section */
		F1DA141C21D37EA500EC8291 /* Debug */ = {
			isa = XCBuildConfiguration;
			buildSettings = {
				ALWAYS_SEARCH_USER_PATHS = NO;
				CLANG_ANALYZER_NONNULL = YES;
				CLANG_ANALYZER_NUMBER_OBJECT_CONVERSION = YES_AGGRESSIVE;
				CLANG_CXX_LANGUAGE_STANDARD = "gnu++14";
				CLANG_CXX_LIBRARY = "libc++";
				CLANG_ENABLE_MODULES = YES;
				CLANG_ENABLE_OBJC_ARC = YES;
				CLANG_ENABLE_OBJC_WEAK = YES;
				CLANG_WARN_BLOCK_CAPTURE_AUTORELEASING = YES;
				CLANG_WARN_BOOL_CONVERSION = YES;
				CLANG_WARN_COMMA = YES;
				CLANG_WARN_CONSTANT_CONVERSION = YES;
				CLANG_WARN_DEPRECATED_OBJC_IMPLEMENTATIONS = YES;
				CLANG_WARN_DIRECT_OBJC_ISA_USAGE = YES_ERROR;
				CLANG_WARN_DOCUMENTATION_COMMENTS = YES;
				CLANG_WARN_EMPTY_BODY = YES;
				CLANG_WARN_ENUM_CONVERSION = YES;
				CLANG_WARN_INFINITE_RECURSION = YES;
				CLANG_WARN_INT_CONVERSION = YES;
				CLANG_WARN_NON_LITERAL_NULL_CONVERSION = YES;
				CLANG_WARN_OBJC_IMPLICIT_RETAIN_SELF = YES;
				CLANG_WARN_OBJC_LITERAL_CONVERSION = YES;
				CLANG_WARN_OBJC_ROOT_CLASS = YES_ERROR;
				CLANG_WARN_RANGE_LOOP_ANALYSIS = YES;
				CLANG_WARN_STRICT_PROTOTYPES = YES;
				CLANG_WARN_SUSPICIOUS_MOVE = YES;
				CLANG_WARN_UNGUARDED_AVAILABILITY = YES_AGGRESSIVE;
				CLANG_WARN_UNREACHABLE_CODE = YES;
				CLANG_WARN__DUPLICATE_METHOD_MATCH = YES;
				CODE_SIGN_IDENTITY = "iPhone Developer";
				COPY_PHASE_STRIP = NO;
				DEBUG_INFORMATION_FORMAT = dwarf;
				ENABLE_STRICT_OBJC_MSGSEND = YES;
				ENABLE_TESTABILITY = YES;
				GCC_C_LANGUAGE_STANDARD = gnu11;
				GCC_DYNAMIC_NO_PIC = NO;
				GCC_NO_COMMON_BLOCKS = YES;
				GCC_OPTIMIZATION_LEVEL = 0;
				GCC_PREPROCESSOR_DEFINITIONS = (
					"DEBUG=1",
					"$(inherited)",
				);
				GCC_WARN_64_TO_32_BIT_CONVERSION = YES;
				GCC_WARN_ABOUT_RETURN_TYPE = YES_ERROR;
				GCC_WARN_UNDECLARED_SELECTOR = YES;
				GCC_WARN_UNINITIALIZED_AUTOS = YES_AGGRESSIVE;
				GCC_WARN_UNUSED_FUNCTION = YES;
				GCC_WARN_UNUSED_VARIABLE = YES;
				IPHONEOS_DEPLOYMENT_TARGET = 11.4;
				MTL_ENABLE_DEBUG_INFO = YES;
				ONLY_ACTIVE_ARCH = YES;
				SDKROOT = iphoneos;
				SWIFT_ACTIVE_COMPILATION_CONDITIONS = DEBUG;
				SWIFT_OPTIMIZATION_LEVEL = "-Onone";
			};
			name = Debug;
		};
		F1DA141D21D37EA500EC8291 /* Release */ = {
			isa = XCBuildConfiguration;
			buildSettings = {
				ALWAYS_SEARCH_USER_PATHS = NO;
				CLANG_ANALYZER_NONNULL = YES;
				CLANG_ANALYZER_NUMBER_OBJECT_CONVERSION = YES_AGGRESSIVE;
				CLANG_CXX_LANGUAGE_STANDARD = "gnu++14";
				CLANG_CXX_LIBRARY = "libc++";
				CLANG_ENABLE_MODULES = YES;
				CLANG_ENABLE_OBJC_ARC = YES;
				CLANG_ENABLE_OBJC_WEAK = YES;
				CLANG_WARN_BLOCK_CAPTURE_AUTORELEASING = YES;
				CLANG_WARN_BOOL_CONVERSION = YES;
				CLANG_WARN_COMMA = YES;
				CLANG_WARN_CONSTANT_CONVERSION = YES;
				CLANG_WARN_DEPRECATED_OBJC_IMPLEMENTATIONS = YES;
				CLANG_WARN_DIRECT_OBJC_ISA_USAGE = YES_ERROR;
				CLANG_WARN_DOCUMENTATION_COMMENTS = YES;
				CLANG_WARN_EMPTY_BODY = YES;
				CLANG_WARN_ENUM_CONVERSION = YES;
				CLANG_WARN_INFINITE_RECURSION = YES;
				CLANG_WARN_INT_CONVERSION = YES;
				CLANG_WARN_NON_LITERAL_NULL_CONVERSION = YES;
				CLANG_WARN_OBJC_IMPLICIT_RETAIN_SELF = YES;
				CLANG_WARN_OBJC_LITERAL_CONVERSION = YES;
				CLANG_WARN_OBJC_ROOT_CLASS = YES_ERROR;
				CLANG_WARN_RANGE_LOOP_ANALYSIS = YES;
				CLANG_WARN_STRICT_PROTOTYPES = YES;
				CLANG_WARN_SUSPICIOUS_MOVE = YES;
				CLANG_WARN_UNGUARDED_AVAILABILITY = YES_AGGRESSIVE;
				CLANG_WARN_UNREACHABLE_CODE = YES;
				CLANG_WARN__DUPLICATE_METHOD_MATCH = YES;
				CODE_SIGN_IDENTITY = "iPhone Developer";
				COPY_PHASE_STRIP = NO;
				DEBUG_INFORMATION_FORMAT = "dwarf-with-dsym";
				ENABLE_NS_ASSERTIONS = NO;
				ENABLE_STRICT_OBJC_MSGSEND = YES;
				GCC_C_LANGUAGE_STANDARD = gnu11;
				GCC_NO_COMMON_BLOCKS = YES;
				GCC_WARN_64_TO_32_BIT_CONVERSION = YES;
				GCC_WARN_ABOUT_RETURN_TYPE = YES_ERROR;
				GCC_WARN_UNDECLARED_SELECTOR = YES;
				GCC_WARN_UNINITIALIZED_AUTOS = YES_AGGRESSIVE;
				GCC_WARN_UNUSED_FUNCTION = YES;
				GCC_WARN_UNUSED_VARIABLE = YES;
				IPHONEOS_DEPLOYMENT_TARGET = 11.4;
				MTL_ENABLE_DEBUG_INFO = NO;
				SDKROOT = iphoneos;
				SWIFT_COMPILATION_MODE = wholemodule;
				SWIFT_OPTIMIZATION_LEVEL = "-O";
				VALIDATE_PRODUCT = YES;
			};
			name = Release;
		};
		F1DA141F21D37EA500EC8291 /* Debug */ = {
			isa = XCBuildConfiguration;
			baseConfigurationReference = 711E762FB68741401C95D50C /* Pods-GPXUse.debug.xcconfig */;
			buildSettings = {
				ASSETCATALOG_COMPILER_APPICON_NAME = AppIcon;
				CODE_SIGN_STYLE = Manual;
				DEVELOPMENT_TEAM = JUGDE9K6Y2;
				INFOPLIST_FILE = GPXUse/Info.plist;
				LD_RUNPATH_SEARCH_PATHS = (
					"$(inherited)",
					"@executable_path/Frameworks",
				);
				PRODUCT_BUNDLE_IDENTIFIER = com.logistic.GPXUse;
				PRODUCT_NAME = "$(TARGET_NAME)";
				PROVISIONING_PROFILE = "36fe76ab-2e86-43ca-8060-01c63219c36f";
				PROVISIONING_PROFILE_SPECIFIER = LOGISTICDEV;
				SWIFT_VERSION = 4.0;
				TARGETED_DEVICE_FAMILY = "1,2";
			};
			name = Debug;
		};
		F1DA142021D37EA500EC8291 /* Release */ = {
			isa = XCBuildConfiguration;
			baseConfigurationReference = 807E47E5AC1B841324811467 /* Pods-GPXUse.release.xcconfig */;
			buildSettings = {
				ASSETCATALOG_COMPILER_APPICON_NAME = AppIcon;
				CODE_SIGN_STYLE = Manual;
				DEVELOPMENT_TEAM = JUGDE9K6Y2;
				INFOPLIST_FILE = GPXUse/Info.plist;
				LD_RUNPATH_SEARCH_PATHS = (
					"$(inherited)",
					"@executable_path/Frameworks",
				);
				PRODUCT_BUNDLE_IDENTIFIER = com.logistic.GPXUse;
				PRODUCT_NAME = "$(TARGET_NAME)";
				PROVISIONING_PROFILE = "36fe76ab-2e86-43ca-8060-01c63219c36f";
				PROVISIONING_PROFILE_SPECIFIER = LOGISTICDEV;
				SWIFT_VERSION = 4.0;
				TARGETED_DEVICE_FAMILY = "1,2";
			};
			name = Release;
		};
/* End XCBuildConfiguration section */

/* Begin XCConfigurationList section */
		F1DA140721D37EA300EC8291 /* Build configuration list for PBXProject "GPXUse" */ = {
			isa = XCConfigurationList;
			buildConfigurations = (
				F1DA141C21D37EA500EC8291 /* Debug */,
				F1DA141D21D37EA500EC8291 /* Release */,
			);
			defaultConfigurationIsVisible = 0;
			defaultConfigurationName = Release;
		};
		F1DA141E21D37EA500EC8291 /* Build configuration list for PBXNativeTarget "GPXUse" */ = {
			isa = XCConfigurationList;
			buildConfigurations = (
				F1DA141F21D37EA500EC8291 /* Debug */,
				F1DA142021D37EA500EC8291 /* Release */,
			);
			defaultConfigurationIsVisible = 0;
			defaultConfigurationName = Release;
		};
/* End XCConfigurationList section */
	};
	rootObject = F1DA140421D37EA300EC8291 /* Project object */;
}
